{
  "name": "vite-plugin-store-router",
  "version": "0.1.2",
  "lockfileVersion": 1,
  "requires": true,
  "dependencies": {
    "@rollup/plugin-virtual": {
      "version": "2.0.3",
      "resolved": "https://registry.npmjs.org/@rollup/plugin-virtual/-/plugin-virtual-2.0.3.tgz",
      "integrity": "sha512-pw6ziJcyjZtntQ//bkad9qXaBx665SgEL8C8KI5wO8G5iU5MPxvdWrQyVaAvjojGm9tJoS8M9Z/EEepbqieYmw=="
    }
  }
}
